
Microsoft Visual Studio Solution File, Format Version 12.00
# Visual Studio 15
VisualStudioVersion = 15.0.27130.2010
MinimumVisualStudioVersion = 10.0.40219.1
Project("{FAE04EC0-301F-11D3-BF4B-00C04F79EFBC}") = "MotoPoint", "MotoPoint\MotoPoint.csproj", "{269F7E1F-F254-4DCF-B1AA-9CE4580401A9}"
EndProject
Project("{FAE04EC0-301F-11D3-BF4B-00C04F79EFBC}") = "BLL", "BLL\BLL.csproj", "{941D083B-AF74-43B3-AAA2-9C485EF31495}"
EndProject
Project("{FAE04EC0-301F-11D3-BF4B-00C04F79EFBC}") = "BE", "BE\BE.csproj", "{3B0523D6-CE4C-4D12-920B-93E3676B3298}"
EndProject
Project("{FAE04EC0-301F-11D3-BF4B-00C04F79EFBC}") = "IO", "IO\IO.csproj", "{2F8B3EA7-A728-4995-85B7-C922BAD24FB2}"
EndProject
Project("{FAE04EC0-301F-11D3-BF4B-00C04F79EFBC}") = "EL", "EL\EL.csproj", "{04CDB65B-81AD-46C9-ABB4-93E0D474D362}"
EndProject
Project("{FAE04EC0-301F-11D3-BF4B-00C04F79EFBC}") = "DAL", "DAL\DAL.csproj", "{CFCF2657-FEBF-4B19-B04F-277A0A94D97B}"
EndProject
Project("{FAE04EC0-301F-11D3-BF4B-00C04F79EFBC}") = "BL", "BL\BL.csproj", "{A15D7C72-9C0E-4600-8098-E8B2DF081CC8}"
EndProject
Project("{FAE04EC0-301F-11D3-BF4B-00C04F79EFBC}") = "DALTU", "DALTU\DALTU.csproj", "{625290E7-174F-40E0-9A56-474EB26DFE5F}"
EndProject
Global
	GlobalSection(SolutionConfigurationPlatforms) = preSolution
		Debug|Any CPU = Debug|Any CPU
		Release|Any CPU = Release|Any CPU
	EndGlobalSection
	GlobalSection(ProjectConfigurationPlatforms) = postSolution
		{269F7E1F-F254-4DCF-B1AA-9CE4580401A9}.Debug|Any CPU.ActiveCfg = Debug|Any CPU
		{269F7E1F-F254-4DCF-B1AA-9CE4580401A9}.Debug|Any CPU.Build.0 = Debug|Any CPU
		{269F7E1F-F254-4DCF-B1AA-9CE4580401A9}.Release|Any CPU.ActiveCfg = Release|Any CPU
		{269F7E1F-F254-4DCF-B1AA-9CE4580401A9}.Release|Any CPU.Build.0 = Release|Any CPU
		{941D083B-AF74-43B3-AAA2-9C485EF31495}.Debug|Any CPU.ActiveCfg = Debug|Any CPU
		{941D083B-AF74-43B3-AAA2-9C485EF31495}.Debug|Any CPU.Build.0 = Debug|Any CPU
		{941D083B-AF74-43B3-AAA2-9C485EF31495}.Release|Any CPU.ActiveCfg = Release|Any CPU
		{941D083B-AF74-43B3-AAA2-9C485EF31495}.Release|Any CPU.Build.0 = Release|Any CPU
		{3B0523D6-CE4C-4D12-920B-93E3676B3298}.Debug|Any CPU.ActiveCfg = Debug|Any CPU
		{3B0523D6-CE4C-4D12-920B-93E3676B3298}.Debug|Any CPU.Build.0 = Debug|Any CPU
		{3B0523D6-CE4C-4D12-920B-93E3676B3298}.Release|Any CPU.ActiveCfg = Release|Any CPU
		{3B0523D6-CE4C-4D12-920B-93E3676B3298}.Release|Any CPU.Build.0 = Release|Any CPU
		{2F8B3EA7-A728-4995-85B7-C922BAD24FB2}.Debug|Any CPU.ActiveCfg = Debug|Any CPU
		{2F8B3EA7-A728-4995-85B7-C922BAD24FB2}.Debug|Any CPU.Build.0 = Debug|Any CPU
		{2F8B3EA7-A728-4995-85B7-C922BAD24FB2}.Release|Any CPU.ActiveCfg = Release|Any CPU
		{2F8B3EA7-A728-4995-85B7-C922BAD24FB2}.Release|Any CPU.Build.0 = Release|Any CPU
		{04CDB65B-81AD-46C9-ABB4-93E0D474D362}.Debug|Any CPU.ActiveCfg = Debug|Any CPU
		{04CDB65B-81AD-46C9-ABB4-93E0D474D362}.Debug|Any CPU.Build.0 = Debug|Any CPU
		{04CDB65B-81AD-46C9-ABB4-93E0D474D362}.Release|Any CPU.ActiveCfg = Release|Any CPU
		{04CDB65B-81AD-46C9-ABB4-93E0D474D362}.Release|Any CPU.Build.0 = Release|Any CPU
		{CFCF2657-FEBF-4B19-B04F-277A0A94D97B}.Debug|Any CPU.ActiveCfg = Debug|Any CPU
		{CFCF2657-FEBF-4B19-B04F-277A0A94D97B}.Debug|Any CPU.Build.0 = Debug|Any CPU
		{CFCF2657-FEBF-4B19-B04F-277A0A94D97B}.Release|Any CPU.ActiveCfg = Release|Any CPU
		{CFCF2657-FEBF-4B19-B04F-277A0A94D97B}.Release|Any CPU.Build.0 = Release|Any CPU
		{A15D7C72-9C0E-4600-8098-E8B2DF081CC8}.Debug|Any CPU.ActiveCfg = Debug|Any CPU
		{A15D7C72-9C0E-4600-8098-E8B2DF081CC8}.Debug|Any CPU.Build.0 = Debug|Any CPU
		{A15D7C72-9C0E-4600-8098-E8B2DF081CC8}.Release|Any CPU.ActiveCfg = Release|Any CPU
		{A15D7C72-9C0E-4600-8098-E8B2DF081CC8}.Release|Any CPU.Build.0 = Release|Any CPU
		{625290E7-174F-40E0-9A56-474EB26DFE5F}.Debug|Any CPU.ActiveCfg = Debug|Any CPU
		{625290E7-174F-40E0-9A56-474EB26DFE5F}.Debug|Any CPU.Build.0 = Debug|Any CPU
		{625290E7-174F-40E0-9A56-474EB26DFE5F}.Release|Any CPU.ActiveCfg = Release|Any CPU
		{625290E7-174F-40E0-9A56-474EB26DFE5F}.Release|Any CPU.Build.0 = Release|Any CPU
	EndGlobalSection
	GlobalSection(SolutionProperties) = preSolution
		HideSolutionNode = FALSE
	EndGlobalSection
	GlobalSection(ExtensibilityGlobals) = postSolution
		SolutionGuid = {33E84EC5-5DAF-4F47-B601-BD59A1609CB3}
	EndGlobalSection
EndGlobal
